
Microsoft Visual Studio Solution File, Format Version 12.00
# Visual Studio Version 16
VisualStudioVersion = 16.0.29728.190
MinimumVisualStudioVersion = 10.0.40219.1
Project("{FAE04EC0-301F-11D3-BF4B-00C04F79EFBC}") = "POSTable", "POSTable.csproj", "{D4FF3C81-58E0-4DE8-A0FF-3316371B269C}"
EndProject
Global
	GlobalSection(SolutionConfigurationPlatforms) = preSolution
		Debug|Any CPU = Debug|Any CPU
		Release|Any CPU = Release|Any CPU
	EndGlobalSection
	GlobalSection(ProjectConfigurationPlatforms) = postSolution
		{D4FF3C81-58E0-4DE8-A0FF-3316371B269C}.Debug|Any CPU.ActiveCfg = Debug|Any CPU
		{D4FF3C81-58E0-4DE8-A0FF-3316371B269C}.Debug|Any CPU.Build.0 = Debug|Any CPU
		{D4FF3C81-58E0-4DE8-A0FF-3316371B269C}.Release|Any CPU.ActiveCfg = Release|Any CPU
		{D4FF3C81-58E0-4DE8-A0FF-3316371B269C}.Release|Any CPU.Build.0 = Release|Any CPU
	EndGlobalSection
	GlobalSection(SolutionProperties) = preSolution
		HideSolutionNode = FALSE
	EndGlobalSection
	GlobalSection(ExtensibilityGlobals) = postSolution
		SolutionGuid = {0FA6B5AB-B16E-42F5-8FD6-7F11513AC4C6}
	EndGlobalSection
EndGlobal
